// !$*UTF8*$!
{
	archiveVersion = 1;
	classes = {
	};
	objectVersion = 46;
	objects = {

/* Begin PBXBuildFile section */
		6F497B931934C0D100F52A12 /* Foundation.framework in Frameworks */ = {isa = PBXBuildFile; fileRef = 6F497B921934C0D100F52A12 /* Foundation.framework */; };
		6F497B951934C0D100F52A12 /* CoreGraphics.framework in Frameworks */ = {isa = PBXBuildFile; fileRef = 6F497B941934C0D100F52A12 /* CoreGraphics.framework */; };
		6F497B971934C0D100F52A12 /* UIKit.framework in Frameworks */ = {isa = PBXBuildFile; fileRef = 6F497B961934C0D100F52A12 /* UIKit.framework */; };
		6F497B9D1934C0D100F52A12 /* InfoPlist.strings in Resources */ = {isa = PBXBuildFile; fileRef = 6F497B9B1934C0D100F52A12 /* InfoPlist.strings */; };
		6F497B9F1934C0D100F52A12 /* main.m in Sources */ = {isa = PBXBuildFile; fileRef = 6F497B9E1934C0D100F52A12 /* main.m */; };
		6F497BA31934C0D100F52A12 /* AppDelegate.m in Sources */ = {isa = PBXBuildFile; fileRef = 6F497BA21934C0D100F52A12 /* AppDelegate.m */; };
		6F497BA61934C0D100F52A12 /* Main.storyboard in Resources */ = {isa = PBXBuildFile; fileRef = 6F497BA41934C0D100F52A12 /* Main.storyboard */; };
		6F497BA91934C0D100F52A12 /* ViewController.m in Sources */ = {isa = PBXBuildFile; fileRef = 6F497BA81934C0D100F52A12 /* ViewController.m */; };
		6F497BAB1934C0D100F52A12 /* Images.xcassets in Resources */ = {isa = PBXBuildFile; fileRef = 6F497BAA1934C0D100F52A12 /* Images.xcassets */; };
		6F497BB21934C0D100F52A12 /* XCTest.framework in Frameworks */ = {isa = PBXBuildFile; fileRef = 6F497BB11934C0D100F52A12 /* XCTest.framework */; };
		6F497BB31934C0D100F52A12 /* Foundation.framework in Frameworks */ = {isa = PBXBuildFile; fileRef = 6F497B921934C0D100F52A12 /* Foundation.framework */; };
		6F497BB41934C0D100F52A12 /* UIKit.framework in Frameworks */ = {isa = PBXBuildFile; fileRef = 6F497B961934C0D100F52A12 /* UIKit.framework */; };
		6F497BBC1934C0D100F52A12 /* InfoPlist.strings in Resources */ = {isa = PBXBuildFile; fileRef = 6F497BBA1934C0D100F52A12 /* InfoPlist.strings */; };
		6F497BBE1934C0D100F52A12 /* screenCaptureTests.m in Sources */ = {isa = PBXBuildFile; fileRef = 6F497BBD1934C0D100F52A12 /* screenCaptureTests.m */; };
/* End PBXBuildFile section */

/* Begin PBXContainerItemProxy section */
		6F497BB51934C0D100F52A12 /* PBXContainerItemProxy */ = {
			isa = PBXContainerItemProxy;
			containerPortal = 6F497B871934C0D000F52A12 /* Project object */;
			proxyType = 1;
			remoteGlobalIDString = 6F497B8E1934C0D000F52A12;
			remoteInfo = screenCapture;
		};
/* End PBXContainerItemProxy section */

/* Begin PBXFileReference section */
		6F497B8F1934C0D100F52A12 /* screenCapture.app */ = {isa = PBXFileReference; explicitFileType = wrapper.application; includeInIndex = 0; path = screenCapture.app; sourceTree = BUILT_PRODUCTS_DIR; };
		6F497B921934C0D100F52A12 /* Foundation.framework */ = {isa = PBXFileReference; lastKnownFileType = wrapper.framework; name = Foundation.framework; path = System/Library/Frameworks/Foundation.framework; sourceTree = SDKROOT; };
		6F497B941934C0D100F52A12 /* CoreGraphics.framework */ = {isa = PBXFileReference; lastKnownFileType = wrapper.framework; name = CoreGraphics.framework; path = System/Library/Frameworks/CoreGraphics.framework; sourceTree = SDKROOT; };
		6F497B961934C0D100F52A12 /* UIKit.framework */ = {isa = PBXFileReference; lastKnownFileType = wrapper.framework; name = UIKit.framework; path = System/Library/Frameworks/UIKit.framework; sourceTree = SDKROOT; };
		6F497B9A1934C0D100F52A12 /* screenCapture-Info.plist */ = {isa = PBXFileReference; lastKnownFileType = text.plist.xml; path = "screenCapture-Info.plist"; sourceTree = "<group>"; };
		6F497B9C1934C0D100F52A12 /* en */ = {isa = PBXFileReference; lastKnownFileType = text.plist.strings; name = en; path = en.lproj/InfoPlist.strings; sourceTree = "<group>"; };
		6F497B9E1934C0D100F52A12 /* main.m */ = {isa = PBXFileReference; lastKnownFileType = sourcecode.c.objc; path = main.m; sourceTree = "<group>"; };
		6F497BA01934C0D100F52A12 /* screenCapture-Prefix.pch */ = {isa = PBXFileReference; lastKnownFileType = sourcecode.c.h; path = "screenCapture-Prefix.pch"; sourceTree = "<group>"; };
		6F497BA11934C0D100F52A12 /* AppDelegate.h */ = {isa = PBXFileReference; lastKnownFileType = sourcecode.c.h; path = AppDelegate.h; sourceTree = "<group>"; };
		6F497BA21934C0D100F52A12 /* AppDelegate.m */ = {isa = PBXFileReference; lastKnownFileType = sourcecode.c.objc; path = AppDelegate.m; sourceTree = "<group>"; };
		6F497BA51934C0D100F52A12 /* Base */ = {isa = PBXFileReference; lastKnownFileType = file.storyboard; name = Base; path = Base.lproj/Main.storyboard; sourceTree = "<group>"; };
		6F497BA71934C0D100F52A12 /* ViewController.h */ = {isa = PBXFileReference; lastKnownFileType = sourcecode.c.h; path = ViewController.h; sourceTree = "<group>"; };
		6F497BA81934C0D100F52A12 /* ViewController.m */ = {isa = PBXFileReference; lastKnownFileType = sourcecode.c.objc; path = ViewController.m; sourceTree = "<group>"; };
		6F497BAA1934C0D100F52A12 /* Images.xcassets */ = {isa = PBXFileReference; lastKnownFileType = folder.assetcatalog; path = Images.xcassets; sourceTree = "<group>"; };
		6F497BB01934C0D100F52A12 /* screenCaptureTests.xctest */ = {isa = PBXFileReference; explicitFileType = wrapper.cfbundle; includeInIndex = 0; path = screenCaptureTests.xctest; sourceTree = BUILT_PRODUCTS_DIR; };
		6F497BB11934C0D100F52A12 /* XCTest.framework */ = {isa = PBXFileReference; lastKnownFileType = wrapper.framework; name = XCTest.framework; path = Library/Frameworks/XCTest.framework; sourceTree = DEVELOPER_DIR; };
		6F497BB91934C0D100F52A12 /* screenCaptureTests-Info.plist */ = {isa = PBXFileReference; lastKnownFileType = text.plist.xml; path = "screenCaptureTests-Info.plist"; sourceTree = "<group>"; };
		6F497BBB1934C0D100F52A12 /* en */ = {isa = PBXFileReference; lastKnownFileType = text.plist.strings; name = en; path = en.lproj/InfoPlist.strings; sourceTree = "<group>"; };
		6F497BBD1934C0D100F52A12 /* screenCaptureTests.m */ = {isa = PBXFileReference; lastKnownFileType = sourcecode.c.objc; path = screenCaptureTests.m; sourceTree = "<group>"; };
/* End PBXFileReference section */

/* Begin PBXFrameworksBuildPhase section */
		6F497B8C1934C0D000F52A12 /* Frameworks */ = {
			isa = PBXFrameworksBuildPhase;
			buildActionMask = 2147483647;
			files = (
				6F497B951934C0D100F52A12 /* CoreGraphics.framework in Frameworks */,
				6F497B971934C0D100F52A12 /* UIKit.framework in Frameworks */,
				6F497B931934C0D100F52A12 /* Foundation.framework in Frameworks */,
			);
			runOnlyForDeploymentPostprocessing = 0;
		};
		6F497BAD1934C0D100F52A12 /* Frameworks */ = {
			isa = PBXFrameworksBuildPhase;
			buildActionMask = 2147483647;
			files = (
				6F497BB21934C0D100F52A12 /* XCTest.framework in Frameworks */,
				6F497BB41934C0D100F52A12 /* UIKit.framework in Frameworks */,
				6F497BB31934C0D100F52A12 /* Foundation.framework in Frameworks */,
			);
			runOnlyForDeploymentPostprocessing = 0;
		};
/* End PBXFrameworksBuildPhase section */

/* Begin PBXGroup section */
		6F497B861934C0D000F52A12 = {
			isa = PBXGroup;
			children = (
				6F497B981934C0D100F52A12 /* screenCapture */,
				6F497BB71934C0D100F52A12 /* screenCaptureTests */,
				6F497B911934C0D100F52A12 /* Frameworks */,
				6F497B901934C0D100F52A12 /* Products */,
			);
			sourceTree = "<group>";
		};
		6F497B901934C0D100F52A12 /* Products */ = {
			isa = PBXGroup;
			children = (
				6F497B8F1934C0D100F52A12 /* screenCapture.app */,
				6F497BB01934C0D100F52A12 /* screenCaptureTests.xctest */,
			);
			name = Products;
			sourceTree = "<group>";
		};
		6F497B911934C0D100F52A12 /* Frameworks */ = {
			isa = PBXGroup;
			children = (
				6F497B921934C0D100F52A12 /* Foundation.framework */,
				6F497B941934C0D100F52A12 /* CoreGraphics.framework */,
				6F497B961934C0D100F52A12 /* UIKit.framework */,
				6F497BB11934C0D100F52A12 /* XCTest.framework */,
			);
			name = Frameworks;
			sourceTree = "<group>";
		};
		6F497B981934C0D100F52A12 /* screenCapture */ = {
			isa = PBXGroup;
			children = (
				6F497BA11934C0D100F52A12 /* AppDelegate.h */,
				6F497BA21934C0D100F52A12 /* AppDelegate.m */,
				6F497BA41934C0D100F52A12 /* Main.storyboard */,
				6F497BA71934C0D100F52A12 /* ViewController.h */,
				6F497BA81934C0D100F52A12 /* ViewController.m */,
				6F497BAA1934C0D100F52A12 /* Images.xcassets */,
				6F497B991934C0D100F52A12 /* Supporting Files */,
			);
			path = screenCapture;
			sourceTree = "<group>";
		};
		6F497B991934C0D100F52A12 /* Supporting Files */ = {
			isa = PBXGroup;
			children = (
				6F497B9A1934C0D100F52A12 /* screenCapture-Info.plist */,
				6F497B9B1934C0D100F52A12 /* InfoPlist.strings */,
				6F497B9E1934C0D100F52A12 /* main.m */,
				6F497BA01934C0D100F52A12 /* screenCapture-Prefix.pch */,
			);
			name = "Supporting Files";
			sourceTree = "<group>";
		};
		6F497BB71934C0D100F52A12 /* screenCaptureTests */ = {
			isa = PBXGroup;
			children = (
				6F497BBD1934C0D100F52A12 /* screenCaptureTests.m */,
				6F497BB81934C0D100F52A12 /* Supporting Files */,
			);
			path = screenCaptureTests;
			sourceTree = "<group>";
		};
		6F497BB81934C0D100F52A12 /* Supporting Files */ = {
			isa = PBXGroup;
			children = (
				6F497BB91934C0D100F52A12 /* screenCaptureTests-Info.plist */,
				6F497BBA1934C0D100F52A12 /* InfoPlist.strings */,
			);
			name = "Supporting Files";
			sourceTree = "<group>";
		};
/* End PBXGroup section */

/* Begin PBXNativeTarget section */
		6F497B8E1934C0D000F52A12 /* screenCapture */ = {
			isa = PBXNativeTarget;
			buildConfigurationList = 6F497BC11934C0D100F52A12 /* Build configuration list for PBXNativeTarget "screenCapture" */;
			buildPhases = (
				6F497B8B1934C0D000F52A12 /* Sources */,
				6F497B8C1934C0D000F52A12 /* Frameworks */,
				6F497B8D1934C0D000F52A12 /* Resources */,
			);
			buildRules = (
			);
			dependencies = (
			);
			name = screenCapture;
			productName = screenCapture;
			productReference = 6F497B8F1934C0D100F52A12 /* screenCapture.app */;
			productType = "com.apple.product-type.application";
		};
		6F497BAF1934C0D100F52A12 /* screenCaptureTests */ = {
			isa = PBXNativeTarget;
			buildConfigurationList = 6F497BC41934C0D100F52A12 /* Build configuration list for PBXNativeTarget "screenCaptureTests" */;
			buildPhases = (
				6F497BAC1934C0D100F52A12 /* Sources */,
				6F497BAD1934C0D100F52A12 /* Frameworks */,
				6F497BAE1934C0D100F52A12 /* Resources */,
			);
			buildRules = (
			);
			dependencies = (
				6F497BB61934C0D100F52A12 /* PBXTargetDependency */,
			);
			name = screenCaptureTests;
			productName = screenCaptureTests;
			productReference = 6F497BB01934C0D100F52A12 /* screenCaptureTests.xctest */;
			productType = "com.apple.product-type.bundle.unit-test";
		};
/* End PBXNativeTarget section */

/* Begin PBXProject section */
		6F497B871934C0D000F52A12 /* Project object */ = {
			isa = PBXProject;
			attributes = {
				LastUpgradeCheck = 0510;
				ORGANIZATIONNAME = James;
				TargetAttributes = {
					6F497BAF1934C0D100F52A12 = {
						TestTargetID = 6F497B8E1934C0D000F52A12;
					};
				};
			};
			buildConfigurationList = 6F497B8A1934C0D000F52A12 /* Build configuration list for PBXProject "screenCapture" */;
			compatibilityVersion = "Xcode 3.2";
			developmentRegion = English;
			hasScannedForEncodings = 0;
			knownRegions = (
				en,
				Base,
			);
			mainGroup = 6F497B861934C0D000F52A12;
			productRefGroup = 6F497B901934C0D100F52A12 /* Products */;
			projectDirPath = "";
			projectRoot = "";
			targets = (
				6F497B8E1934C0D000F52A12 /* screenCapture */,
				6F497BAF1934C0D100F52A12 /* screenCaptureTests */,
			);
		};
/* End PBXProject section */

/* Begin PBXResourcesBuildPhase section */
		6F497B8D1934C0D000F52A12 /* Resources */ = {
			isa = PBXResourcesBuildPhase;
			buildActionMask = 2147483647;
			files = (
				6F497BAB1934C0D100F52A12 /* Images.xcassets in Resources */,
				6F497B9D1934C0D100F52A12 /* InfoPlist.strings in Resources */,
				6F497BA61934C0D100F52A12 /* Main.storyboard in Resources */,
			);
			runOnlyForDeploymentPostprocessing = 0;
		};
		6F497BAE1934C0D100F52A12 /* Resources */ = {
			isa = PBXResourcesBuildPhase;
			buildActionMask = 2147483647;
			files = (
				6F497BBC1934C0D100F52A12 /* InfoPlist.strings in Resources */,
			);
			runOnlyForDeploymentPostprocessing = 0;
		};
/* End PBXResourcesBuildPhase section */

/* Begin PBXSourcesBuildPhase section */
		6F497B8B1934C0D000F52A12 /* Sources */ = {
			isa = PBXSourcesBuildPhase;
			buildActionMask = 2147483647;
			files = (
				6F497BA91934C0D100F52A12 /* ViewController.m in Sources */,
				6F497BA31934C0D100F52A12 /* AppDelegate.m in Sources */,
				6F497B9F1934C0D100F52A12 /* main.m in Sources */,
			);
			runOnlyForDeploymentPostprocessing = 0;
		};
		6F497BAC1934C0D100F52A12 /* Sources */ = {
			isa = PBXSourcesBuildPhase;
			buildActionMask = 2147483647;
			files = (
				6F497BBE1934C0D100F52A12 /* screenCaptureTests.m in Sources */,
			);
			runOnlyForDeploymentPostprocessing = 0;
		};
/* End PBXSourcesBuildPhase section */

/* Begin PBXTargetDependency section */
		6F497BB61934C0D100F52A12 /* PBXTargetDependency */ = {
			isa = PBXTargetDependency;
			target = 6F497B8E1934C0D000F52A12 /* screenCapture */;
			targetProxy = 6F497BB51934C0D100F52A12 /* PBXContainerItemProxy */;
		};
/* End PBXTargetDependency section */

/* Begin PBXVariantGroup section */
		6F497B9B1934C0D100F52A12 /* InfoPlist.strings */ = {
			isa = PBXVariantGroup;
			children = (
				6F497B9C1934C0D100F52A12 /* en */,
			);
			name = InfoPlist.strings;
			sourceTree = "<group>";
		};
		6F497BA41934C0D100F52A12 /* Main.storyboard */ = {
			isa = PBXVariantGroup;
			children = (
				6F497BA51934C0D100F52A12 /* Base */,
			);
			name = Main.storyboard;
			sourceTree = "<group>";
		};
		6F497BBA1934C0D100F52A12 /* InfoPlist.strings */ = {
			isa = PBXVariantGroup;
			children = (
				6F497BBB1934C0D100F52A12 /* en */,
			);
			name = InfoPlist.strings;
			sourceTree = "<group>";
		};
/* End PBXVariantGroup section */

/* Begin XCBuildConfiguration section */
		6F497BBF1934C0D100F52A12 /* Debug */ = {
			isa = XCBuildConfiguration;
			buildSettings = {
				ALWAYS_SEARCH_USER_PATHS = NO;
				CLANG_CXX_LANGUAGE_STANDARD = "gnu++0x";
				CLANG_CXX_LIBRARY = "libc++";
				CLANG_ENABLE_MODULES = YES;
				CLANG_ENABLE_OBJC_ARC = YES;
				CLANG_WARN_BOOL_CONVERSION = YES;
				CLANG_WARN_CONSTANT_CONVERSION = YES;
				CLANG_WARN_DIRECT_OBJC_ISA_USAGE = YES_ERROR;
				CLANG_WARN_EMPTY_BODY = YES;
				CLANG_WARN_ENUM_CONVERSION = YES;
				CLANG_WARN_INT_CONVERSION = YES;
				CLANG_WARN_OBJC_ROOT_CLASS = YES_ERROR;
				CLANG_WARN__DUPLICATE_METHOD_MATCH = YES;
				"CODE_SIGN_IDENTITY[sdk=iphoneos*]" = "iPhone Developer";
				COPY_PHASE_STRIP = NO;
				GCC_C_LANGUAGE_STANDARD = gnu99;
				GCC_DYNAMIC_NO_PIC = NO;
				GCC_OPTIMIZATION_LEVEL = 0;
				GCC_PREPROCESSOR_DEFINITIONS = (
					"DEBUG=1",
					"$(inherited)",
				);
				GCC_SYMBOLS_PRIVATE_EXTERN = NO;
				GCC_WARN_64_TO_32_BIT_CONVERSION = YES;
				GCC_WARN_ABOUT_RETURN_TYPE = YES_ERROR;
				GCC_WARN_UNDECLARED_SELECTOR = YES;
				GCC_WARN_UNINITIALIZED_AUTOS = YES_AGGRESSIVE;
				GCC_WARN_UNUSED_FUNCTION = YES;
				GCC_WARN_UNUSED_VARIABLE = YES;
				IPHONEOS_DEPLOYMENT_TARGET = 7.1;
				ONLY_ACTIVE_ARCH = YES;
				SDKROOT = iphoneos;
			};
			name = Debug;
		};
		6F497BC01934C0D100F52A12 /* Release */ = {
			isa = XCBuildConfiguration;
			buildSettings = {
				ALWAYS_SEARCH_USER_PATHS = NO;
				CLANG_CXX_LANGUAGE_STANDARD = "gnu++0x";
				CLANG_CXX_LIBRARY = "libc++";
				CLANG_ENABLE_MODULES = YES;
				CLANG_ENABLE_OBJC_ARC = YES;
				CLANG_WARN_BOOL_CONVERSION = YES;
				CLANG_WARN_CONSTANT_CONVERSION = YES;
				CLANG_WARN_DIRECT_OBJC_ISA_USAGE = YES_ERROR;
				CLANG_WARN_EMPTY_BODY = YES;
				CLANG_WARN_ENUM_CONVERSION = YES;
				CLANG_WARN_INT_CONVERSION = YES;
				CLANG_WARN_OBJC_ROOT_CLASS = YES_ERROR;
				CLANG_WARN__DUPLICATE_METHOD_MATCH = YES;
				"CODE_SIGN_IDENTITY[sdk=iphoneos*]" = "iPhone Developer";
				COPY_PHASE_STRIP = YES;
				ENABLE_NS_ASSERTIONS = NO;
				GCC_C_LANGUAGE_STANDARD = gnu99;
				GCC_WARN_64_TO_32_BIT_CONVERSION = YES;
				GCC_WARN_ABOUT_RETURN_TYPE = YES_ERROR;
				GCC_WARN_UNDECLARED_SELECTOR = YES;
				GCC_WARN_UNINITIALIZED_AUTOS = YES_AGGRESSIVE;
				GCC_WARN_UNUSED_FUNCTION = YES;
				GCC_WARN_UNUSED_VARIABLE = YES;
				IPHONEOS_DEPLOYMENT_TARGET = 7.1;
				SDKROOT = iphoneos;
				VALIDATE_PRODUCT = YES;
			};
			name = Release;
		};
		6F497BC21934C0D100F52A12 /* Debug */ = {
			isa = XCBuildConfiguration;
			buildSettings = {
				ASSETCATALOG_COMPILER_APPICON_NAME = AppIcon;
				ASSETCATALOG_COMPILER_LAUNCHIMAGE_NAME = LaunchImage;
				GCC_PRECOMPILE_PREFIX_HEADER = YES;
				GCC_PREFIX_HEADER = "screenCapture/screenCapture-Prefix.pch";
				INFOPLIST_FILE = "screenCapture/screenCapture-Info.plist";
				PRODUCT_NAME = "$(TARGET_NAME)";
				WRAPPER_EXTENSION = app;
			};
			name = Debug;
		};
		6F497BC31934C0D100F52A12 /* Release */ = {
			isa = XCBuildConfiguration;
			buildSettings = {
				ASSETCATALOG_COMPILER_APPICON_NAME = AppIcon;
				ASSETCATALOG_COMPILER_LAUNCHIMAGE_NAME = LaunchImage;
				GCC_PRECOMPILE_PREFIX_HEADER = YES;
				GCC_PREFIX_HEADER = "screenCapture/screenCapture-Prefix.pch";
				INFOPLIST_FILE = "screenCapture/screenCapture-Info.plist";
				PRODUCT_NAME = "$(TARGET_NAME)";
				WRAPPER_EXTENSION = app;
			};
			name = Release;
		};
		6F497BC51934C0D100F52A12 /* Debug */ = {
			isa = XCBuildConfiguration;
			buildSettings = {
				BUNDLE_LOADER = "$(BUILT_PRODUCTS_DIR)/screenCapture.app/screenCapture";
				FRAMEWORK_SEARCH_PATHS = (
					"$(SDKROOT)/Developer/Library/Frameworks",
					"$(inherited)",
					"$(DEVELOPER_FRAMEWORKS_DIR)",
				);
				GCC_PRECOMPILE_PREFIX_HEADER = YES;
				GCC_PREFIX_HEADER = "screenCapture/screenCapture-Prefix.pch";
				GCC_PREPROCESSOR_DEFINITIONS = (
					"DEBUG=1",
					"$(inherited)",
				);
				INFOPLIST_FILE = "screenCaptureTests/screenCaptureTests-Info.plist";
				PRODUCT_NAME = "$(TARGET_NAME)";
				TEST_HOST = "$(BUNDLE_LOADER)";
				WRAPPER_EXTENSION = xctest;
			};
			name = Debug;
		};
		6F497BC61934C0D100F52A12 /* Release */ = {
			isa = XCBuildConfiguration;
			buildSettings = {
				BUNDLE_LOADER = "$(BUILT_PRODUCTS_DIR)/screenCapture.app/screenCapture";
				FRAMEWORK_SEARCH_PATHS = (
					"$(SDKROOT)/Developer/Library/Frameworks",
					"$(inherited)",
					"$(DEVELOPER_FRAMEWORKS_DIR)",
				);
				GCC_PRECOMPILE_PREFIX_HEADER = YES;
				GCC_PREFIX_HEADER = "screenCapture/screenCapture-Prefix.pch";
				INFOPLIST_FILE = "screenCaptureTests/screenCaptureTests-Info.plist";
				PRODUCT_NAME = "$(TARGET_NAME)";
				TEST_HOST = "$(BUNDLE_LOADER)";
				WRAPPER_EXTENSION = xctest;
			};
			name = Release;
		};
/* End XCBuildConfiguration section */

/* Begin XCConfigurationList section */
		6F497B8A1934C0D000F52A12 /* Build configuration list for PBXProject "screenCapture" */ = {
			isa = XCConfigurationList;
			buildConfigurations = (
				6F497BBF1934C0D100F52A12 /* Debug */,
				6F497BC01934C0D100F52A12 /* Release */,
			);
			defaultConfigurationIsVisible = 0;
			defaultConfigurationName = Release;
		};
		6F497BC11934C0D100F52A12 /* Build configuration list for PBXNativeTarget "screenCapture" */ = {
			isa = XCConfigurationList;
			buildConfigurations = (
				6F497BC21934C0D100F52A12 /* Debug */,
				6F497BC31934C0D100F52A12 /* Release */,
			);
			defaultConfigurationIsVisible = 0;
		};
		6F497BC41934C0D100F52A12 /* Build configuration list for PBXNativeTarget "screenCaptureTests" */ = {
			isa = XCConfigurationList;
			buildConfigurations = (
				6F497BC51934C0D100F52A12 /* Debug */,
				6F497BC61934C0D100F52A12 /* Release */,
			);
			defaultConfigurationIsVisible = 0;
		};
/* End XCConfigurationList section */
	};
	rootObject = 6F497B871934C0D000F52A12 /* Project object */;
}
